// !$*UTF8*$!
{
	archiveVersion = 1;
	classes = {
	};
	objectVersion = 55;
	objects = {

/* Begin PBXBuildFile section */
		392F6C21277B38460021F233 /* JusbarAppApp.swift in Sources */ = {isa = PBXBuildFile; fileRef = 392F6C20277B38460021F233 /* JusbarAppApp.swift */; };
		392F6C23277B38460021F233 /* ContentView.swift in Sources */ = {isa = PBXBuildFile; fileRef = 392F6C22277B38460021F233 /* ContentView.swift */; };
		392F6C25277B38470021F233 /* Assets.xcassets in Resources */ = {isa = PBXBuildFile; fileRef = 392F6C24277B38470021F233 /* Assets.xcassets */; };
		392F6C28277B38470021F233 /* Preview Assets.xcassets in Resources */ = {isa = PBXBuildFile; fileRef = 392F6C27277B38470021F233 /* Preview Assets.xcassets */; };
		392F6C46277B388F0021F233 /* FontManager.swift in Sources */ = {isa = PBXBuildFile; fileRef = 392F6C30277B388F0021F233 /* FontManager.swift */; };
		392F6C59277B388F0021F233 /* CustomShap.swift in Sources */ = {isa = PBXBuildFile; fileRef = 392F6C44277B388F0021F233 /* CustomShap.swift */; };
		392F6C5A277B388F0021F233 /* ColorManager.swift in Sources */ = {isa = PBXBuildFile; fileRef = 392F6C45277B388F0021F233 /* ColorManager.swift */; };
		392F6C67277B3ADF0021F233 /* Roboto-Regular.ttf in Resources */ = {isa = PBXBuildFile; fileRef = 392F6C64277B3AC50021F233 /* Roboto-Regular.ttf */; };
		392F6C68277B3ADF0021F233 /* Roboto-Light.ttf in Resources */ = {isa = PBXBuildFile; fileRef = 392F6C61277B3AC50021F233 /* Roboto-Light.ttf */; };
		392F6C69277B3ADF0021F233 /* Roboto-BoldItalic.ttf in Resources */ = {isa = PBXBuildFile; fileRef = 392F6C5C277B3AC50021F233 /* Roboto-BoldItalic.ttf */; };
		392F6C6A277B3ADF0021F233 /* Roboto-BlackItalic.ttf in Resources */ = {isa = PBXBuildFile; fileRef = 392F6C60277B3AC50021F233 /* Roboto-BlackItalic.ttf */; };
		392F6C6B277B3ADF0021F233 /* Roboto-Italic.ttf in Resources */ = {isa = PBXBuildFile; fileRef = 392F6C5E277B3AC50021F233 /* Roboto-Italic.ttf */; };
		392F6C6C277B3ADF0021F233 /* Roboto-Medium.ttf in Resources */ = {isa = PBXBuildFile; fileRef = 392F6C5F277B3AC50021F233 /* Roboto-Medium.ttf */; };
		392F6C6D277B3ADF0021F233 /* Roboto-Black.ttf in Resources */ = {isa = PBXBuildFile; fileRef = 392F6C62277B3AC50021F233 /* Roboto-Black.ttf */; };
		392F6C6E277B3ADF0021F233 /* Roboto-MediumItalic.ttf in Resources */ = {isa = PBXBuildFile; fileRef = 392F6C63277B3AC50021F233 /* Roboto-MediumItalic.ttf */; };
		392F6C6F277B3ADF0021F233 /* Roboto-Thin.ttf in Resources */ = {isa = PBXBuildFile; fileRef = 392F6C65277B3AC50021F233 /* Roboto-Thin.ttf */; };
		392F6C70277B3ADF0021F233 /* Roboto-ThinItalic.ttf in Resources */ = {isa = PBXBuildFile; fileRef = 392F6C66277B3AC50021F233 /* Roboto-ThinItalic.ttf */; };
		392F6C71277B3ADF0021F233 /* Roboto-Bold.ttf in Resources */ = {isa = PBXBuildFile; fileRef = 392F6C5B277B3AC50021F233 /* Roboto-Bold.ttf */; };
		392F6C72277B3ADF0021F233 /* Roboto-LightItalic.ttf in Resources */ = {isa = PBXBuildFile; fileRef = 392F6C5D277B3AC50021F233 /* Roboto-LightItalic.ttf */; };
		392F6C78277B40D00021F233 /* SplashView.swift in Sources */ = {isa = PBXBuildFile; fileRef = 392F6C77277B40D00021F233 /* SplashView.swift */; };
		392F6C7A277B425C0021F233 /* SpalshViewModel.swift in Sources */ = {isa = PBXBuildFile; fileRef = 392F6C79277B425C0021F233 /* SpalshViewModel.swift */; };
		392F6C7C277B42910021F233 /* OnBoarding.swift in Sources */ = {isa = PBXBuildFile; fileRef = 392F6C7B277B42910021F233 /* OnBoarding.swift */; };
		392F6C7F277B499C0021F233 /* MainView.swift in Sources */ = {isa = PBXBuildFile; fileRef = 392F6C7E277B499C0021F233 /* MainView.swift */; };
		392F6C82277B4CF90021F233 /* HomeView.swift in Sources */ = {isa = PBXBuildFile; fileRef = 392F6C81277B4CF90021F233 /* HomeView.swift */; };
		392F6C84277B523B0021F233 /* HomeViewModel.swift in Sources */ = {isa = PBXBuildFile; fileRef = 392F6C83277B523B0021F233 /* HomeViewModel.swift */; };
		392F6C87277B54570021F233 /* CategoryView.swift in Sources */ = {isa = PBXBuildFile; fileRef = 392F6C86277B54560021F233 /* CategoryView.swift */; };
		392F6C89277B558E0021F233 /* ProductItemView.swift in Sources */ = {isa = PBXBuildFile; fileRef = 392F6C88277B558E0021F233 /* ProductItemView.swift */; };
		392F6C8C277B55A80021F233 /* Product.swift in Sources */ = {isa = PBXBuildFile; fileRef = 392F6C8B277B55A80021F233 /* Product.swift */; };
		392F6C8F277B76690021F233 /* ACarousel in Frameworks */ = {isa = PBXBuildFile; productRef = 392F6C8E277B76690021F233 /* ACarousel */; };
		392F6C91277B769A0021F233 /* CategoryGridView.swift in Sources */ = {isa = PBXBuildFile; fileRef = 392F6C90277B769A0021F233 /* CategoryGridView.swift */; };
/* End PBXBuildFile section */

/* Begin PBXFileReference section */
		392F6C1D277B38460021F233 /* JusbarApp.app */ = {isa = PBXFileReference; explicitFileType = wrapper.application; includeInIndex = 0; path = JusbarApp.app; sourceTree = BUILT_PRODUCTS_DIR; };
		392F6C20277B38460021F233 /* JusbarAppApp.swift */ = {isa = PBXFileReference; lastKnownFileType = sourcecode.swift; path = JusbarAppApp.swift; sourceTree = "<group>"; };
		392F6C22277B38460021F233 /* ContentView.swift */ = {isa = PBXFileReference; lastKnownFileType = sourcecode.swift; path = ContentView.swift; sourceTree = "<group>"; };
		392F6C24277B38470021F233 /* Assets.xcassets */ = {isa = PBXFileReference; lastKnownFileType = folder.assetcatalog; path = Assets.xcassets; sourceTree = "<group>"; };
		392F6C27277B38470021F233 /* Preview Assets.xcassets */ = {isa = PBXFileReference; lastKnownFileType = folder.assetcatalog; path = "Preview Assets.xcassets"; sourceTree = "<group>"; };
		392F6C30277B388F0021F233 /* FontManager.swift */ = {isa = PBXFileReference; fileEncoding = 4; lastKnownFileType = sourcecode.swift; path = FontManager.swift; sourceTree = "<group>"; };
		392F6C44277B388F0021F233 /* CustomShap.swift */ = {isa = PBXFileReference; fileEncoding = 4; lastKnownFileType = sourcecode.swift; path = CustomShap.swift; sourceTree = "<group>"; };
		392F6C45277B388F0021F233 /* ColorManager.swift */ = {isa = PBXFileReference; fileEncoding = 4; lastKnownFileType = sourcecode.swift; path = ColorManager.swift; sourceTree = "<group>"; };
		392F6C5B277B3AC50021F233 /* Roboto-Bold.ttf */ = {isa = PBXFileReference; lastKnownFileType = file; path = "Roboto-Bold.ttf"; sourceTree = "<group>"; };
		392F6C5C277B3AC50021F233 /* Roboto-BoldItalic.ttf */ = {isa = PBXFileReference; lastKnownFileType = file; path = "Roboto-BoldItalic.ttf"; sourceTree = "<group>"; };
		392F6C5D277B3AC50021F233 /* Roboto-LightItalic.ttf */ = {isa = PBXFileReference; lastKnownFileType = file; path = "Roboto-LightItalic.ttf"; sourceTree = "<group>"; };
		392F6C5E277B3AC50021F233 /* Roboto-Italic.ttf */ = {isa = PBXFileReference; lastKnownFileType = file; path = "Roboto-Italic.ttf"; sourceTree = "<group>"; };
		392F6C5F277B3AC50021F233 /* Roboto-Medium.ttf */ = {isa = PBXFileReference; lastKnownFileType = file; path = "Roboto-Medium.ttf"; sourceTree = "<group>"; };
		392F6C60277B3AC50021F233 /* Roboto-BlackItalic.ttf */ = {isa = PBXFileReference; lastKnownFileType = file; path = "Roboto-BlackItalic.ttf"; sourceTree = "<group>"; };
		392F6C61277B3AC50021F233 /* Roboto-Light.ttf */ = {isa = PBXFileReference; lastKnownFileType = file; path = "Roboto-Light.ttf"; sourceTree = "<group>"; };
		392F6C62277B3AC50021F233 /* Roboto-Black.ttf */ = {isa = PBXFileReference; lastKnownFileType = file; path = "Roboto-Black.ttf"; sourceTree = "<group>"; };
		392F6C63277B3AC50021F233 /* Roboto-MediumItalic.ttf */ = {isa = PBXFileReference; lastKnownFileType = file; path = "Roboto-MediumItalic.ttf"; sourceTree = "<group>"; };
		392F6C64277B3AC50021F233 /* Roboto-Regular.ttf */ = {isa = PBXFileReference; lastKnownFileType = file; path = "Roboto-Regular.ttf"; sourceTree = "<group>"; };
		392F6C65277B3AC50021F233 /* Roboto-Thin.ttf */ = {isa = PBXFileReference; lastKnownFileType = file; path = "Roboto-Thin.ttf"; sourceTree = "<group>"; };
		392F6C66277B3AC50021F233 /* Roboto-ThinItalic.ttf */ = {isa = PBXFileReference; lastKnownFileType = file; path = "Roboto-ThinItalic.ttf"; sourceTree = "<group>"; };
		392F6C73277B3B0B0021F233 /* Info.plist */ = {isa = PBXFileReference; lastKnownFileType = text.plist.xml; path = Info.plist; sourceTree = "<group>"; };
		392F6C77277B40D00021F233 /* SplashView.swift */ = {isa = PBXFileReference; lastKnownFileType = sourcecode.swift; path = SplashView.swift; sourceTree = "<group>"; };
		392F6C79277B425C0021F233 /* SpalshViewModel.swift */ = {isa = PBXFileReference; lastKnownFileType = sourcecode.swift; path = SpalshViewModel.swift; sourceTree = "<group>"; };
		392F6C7B277B42910021F233 /* OnBoarding.swift */ = {isa = PBXFileReference; lastKnownFileType = sourcecode.swift; path = OnBoarding.swift; sourceTree = "<group>"; };
		392F6C7E277B499C0021F233 /* MainView.swift */ = {isa = PBXFileReference; lastKnownFileType = sourcecode.swift; path = MainView.swift; sourceTree = "<group>"; };
		392F6C81277B4CF90021F233 /* HomeView.swift */ = {isa = PBXFileReference; lastKnownFileType = sourcecode.swift; path = HomeView.swift; sourceTree = "<group>"; };
		392F6C83277B523B0021F233 /* HomeViewModel.swift */ = {isa = PBXFileReference; lastKnownFileType = sourcecode.swift; path = HomeViewModel.swift; sourceTree = "<group>"; };
		392F6C86277B54560021F233 /* CategoryView.swift */ = {isa = PBXFileReference; lastKnownFileType = sourcecode.swift; path = CategoryView.swift; sourceTree = "<group>"; };
		392F6C88277B558E0021F233 /* ProductItemView.swift */ = {isa = PBXFileReference; lastKnownFileType = sourcecode.swift; path = ProductItemView.swift; sourceTree = "<group>"; };
		392F6C8B277B55A80021F233 /* Product.swift */ = {isa = PBXFileReference; lastKnownFileType = sourcecode.swift; path = Product.swift; sourceTree = "<group>"; };
		392F6C90277B769A0021F233 /* CategoryGridView.swift */ = {isa = PBXFileReference; lastKnownFileType = sourcecode.swift; path = CategoryGridView.swift; sourceTree = "<group>"; };
/* End PBXFileReference section */

/* Begin PBXFrameworksBuildPhase section */
		392F6C1A277B38460021F233 /* Frameworks */ = {
			isa = PBXFrameworksBuildPhase;
			buildActionMask = 2147483647;
			files = (
				392F6C8F277B76690021F233 /* ACarousel in Frameworks */,
			);
			runOnlyForDeploymentPostprocessing = 0;
		};
/* End PBXFrameworksBuildPhase section */

/* Begin PBXGroup section */
		392F6C14277B38460021F233 = {
			isa = PBXGroup;
			children = (
				392F6C1F277B38460021F233 /* JusbarApp */,
				392F6C1E277B38460021F233 /* Products */,
			);
			sourceTree = "<group>";
		};
		392F6C1E277B38460021F233 /* Products */ = {
			isa = PBXGroup;
			children = (
				392F6C1D277B38460021F233 /* JusbarApp.app */,
			);
			name = Products;
			sourceTree = "<group>";
		};
		392F6C1F277B38460021F233 /* JusbarApp */ = {
			isa = PBXGroup;
			children = (
				392F6C75277B40BA0021F233 /* View */,
				392F6C73277B3B0B0021F233 /* Info.plist */,
				392F6C2E277B388F0021F233 /* Utile */,
				392F6C20277B38460021F233 /* JusbarAppApp.swift */,
				392F6C22277B38460021F233 /* ContentView.swift */,
				392F6C24277B38470021F233 /* Assets.xcassets */,
				392F6C26277B38470021F233 /* Preview Content */,
			);
			path = JusbarApp;
			sourceTree = "<group>";
		};
		392F6C26277B38470021F233 /* Preview Content */ = {
			isa = PBXGroup;
			children = (
				392F6C27277B38470021F233 /* Preview Assets.xcassets */,
			);
			path = "Preview Content";
			sourceTree = "<group>";
		};
		392F6C2E277B388F0021F233 /* Utile */ = {
			isa = PBXGroup;
			children = (
				392F6C2F277B388F0021F233 /* Font */,
				392F6C44277B388F0021F233 /* CustomShap.swift */,
				392F6C45277B388F0021F233 /* ColorManager.swift */,
			);
			path = Utile;
			sourceTree = "<group>";
		};
		392F6C2F277B388F0021F233 /* Font */ = {
			isa = PBXGroup;
			children = (
				392F6C30277B388F0021F233 /* FontManager.swift */,
				392F6C31277B388F0021F233 /* Roboto */,
			);
			path = Font;
			sourceTree = "<group>";
		};
		392F6C31277B388F0021F233 /* Roboto */ = {
			isa = PBXGroup;
			children = (
				392F6C62277B3AC50021F233 /* Roboto-Black.ttf */,
				392F6C60277B3AC50021F233 /* Roboto-BlackItalic.ttf */,
				392F6C5B277B3AC50021F233 /* Roboto-Bold.ttf */,
				392F6C5C277B3AC50021F233 /* Roboto-BoldItalic.ttf */,
				392F6C5E277B3AC50021F233 /* Roboto-Italic.ttf */,
				392F6C61277B3AC50021F233 /* Roboto-Light.ttf */,
				392F6C5D277B3AC50021F233 /* Roboto-LightItalic.ttf */,
				392F6C5F277B3AC50021F233 /* Roboto-Medium.ttf */,
				392F6C63277B3AC50021F233 /* Roboto-MediumItalic.ttf */,
				392F6C64277B3AC50021F233 /* Roboto-Regular.ttf */,
				392F6C65277B3AC50021F233 /* Roboto-Thin.ttf */,
				392F6C66277B3AC50021F233 /* Roboto-ThinItalic.ttf */,
			);
			path = Roboto;
			sourceTree = "<group>";
		};
		392F6C75277B40BA0021F233 /* View */ = {
			isa = PBXGroup;
			children = (
				392F6C80277B4CE90021F233 /* Home */,
				392F6C7D277B49790021F233 /* Main */,
				392F6C76277B40C40021F233 /* Splash */,
			);
			path = View;
			sourceTree = "<group>";
		};
		392F6C76277B40C40021F233 /* Splash */ = {
			isa = PBXGroup;
			children = (
				392F6C77277B40D00021F233 /* SplashView.swift */,
				392F6C79277B425C0021F233 /* SpalshViewModel.swift */,
				392F6C7B277B42910021F233 /* OnBoarding.swift */,
			);
			path = Splash;
			sourceTree = "<group>";
		};
		392F6C7D277B49790021F233 /* Main */ = {
			isa = PBXGroup;
			children = (
				392F6C7E277B499C0021F233 /* MainView.swift */,
			);
			path = Main;
			sourceTree = "<group>";
		};
		392F6C80277B4CE90021F233 /* Home */ = {
			isa = PBXGroup;
			children = (
				392F6C8A277B559F0021F233 /* Model */,
				392F6C85277B54500021F233 /* View */,
				392F6C81277B4CF90021F233 /* HomeView.swift */,
				392F6C83277B523B0021F233 /* HomeViewModel.swift */,
			);
			path = Home;
			sourceTree = "<group>";
		};
		392F6C85277B54500021F233 /* View */ = {
			isa = PBXGroup;
			children = (
				392F6C86277B54560021F233 /* CategoryView.swift */,
				392F6C88277B558E0021F233 /* ProductItemView.swift */,
				392F6C90277B769A0021F233 /* CategoryGridView.swift */,
			);
			path = View;
			sourceTree = "<group>";
		};
		392F6C8A277B559F0021F233 /* Model */ = {
			isa = PBXGroup;
			children = (
				392F6C8B277B55A80021F233 /* Product.swift */,
			);
			path = Model;
			sourceTree = "<group>";
		};
/* End PBXGroup section */

/* Begin PBXNativeTarget section */
		392F6C1C277B38460021F233 /* JusbarApp */ = {
			isa = PBXNativeTarget;
			buildConfigurationList = 392F6C2B277B38470021F233 /* Build configuration list for PBXNativeTarget "JusbarApp" */;
			buildPhases = (
				392F6C19277B38460021F233 /* Sources */,
				392F6C1A277B38460021F233 /* Frameworks */,
				392F6C1B277B38460021F233 /* Resources */,
			);
			buildRules = (
			);
			dependencies = (
			);
			name = JusbarApp;
			packageProductDependencies = (
				392F6C8E277B76690021F233 /* ACarousel */,
			);
			productName = JusbarApp;
			productReference = 392F6C1D277B38460021F233 /* JusbarApp.app */;
			productType = "com.apple.product-type.application";
		};
/* End PBXNativeTarget section */

/* Begin PBXProject section */
		392F6C15277B38460021F233 /* Project object */ = {
			isa = PBXProject;
			attributes = {
				BuildIndependentTargetsInParallel = 1;
				LastSwiftUpdateCheck = 1320;
				LastUpgradeCheck = 1320;
				TargetAttributes = {
					392F6C1C277B38460021F233 = {
						CreatedOnToolsVersion = 13.2.1;
					};
				};
			};
			buildConfigurationList = 392F6C18277B38460021F233 /* Build configuration list for PBXProject "JusbarApp" */;
			compatibilityVersion = "Xcode 13.0";
			developmentRegion = en;
			hasScannedForEncodings = 0;
			knownRegions = (
				en,
				Base,
			);
			mainGroup = 392F6C14277B38460021F233;
			packageReferences = (
				392F6C8D277B76690021F233 /* XCRemoteSwiftPackageReference "ACarousel" */,
			);
			productRefGroup = 392F6C1E277B38460021F233 /* Products */;
			projectDirPath = "";
			projectRoot = "";
			targets = (
				392F6C1C277B38460021F233 /* JusbarApp */,
			);
		};
/* End PBXProject section */

/* Begin PBXResourcesBuildPhase section */
		392F6C1B277B38460021F233 /* Resources */ = {
			isa = PBXResourcesBuildPhase;
			buildActionMask = 2147483647;
			files = (
				392F6C70277B3ADF0021F233 /* Roboto-ThinItalic.ttf in Resources */,
				392F6C71277B3ADF0021F233 /* Roboto-Bold.ttf in Resources */,
				392F6C72277B3ADF0021F233 /* Roboto-LightItalic.ttf in Resources */,
				392F6C6C277B3ADF0021F233 /* Roboto-Medium.ttf in Resources */,
				392F6C67277B3ADF0021F233 /* Roboto-Regular.ttf in Resources */,
				392F6C6A277B3ADF0021F233 /* Roboto-BlackItalic.ttf in Resources */,
				392F6C28277B38470021F233 /* Preview Assets.xcassets in Resources */,
				392F6C6F277B3ADF0021F233 /* Roboto-Thin.ttf in Resources */,
				392F6C68277B3ADF0021F233 /* Roboto-Light.ttf in Resources */,
				392F6C6D277B3ADF0021F233 /* Roboto-Black.ttf in Resources */,
				392F6C6E277B3ADF0021F233 /* Roboto-MediumItalic.ttf in Resources */,
				392F6C6B277B3ADF0021F233 /* Roboto-Italic.ttf in Resources */,
				392F6C69277B3ADF0021F233 /* Roboto-BoldItalic.ttf in Resources */,
				392F6C25277B38470021F233 /* Assets.xcassets in Resources */,
			);
			runOnlyForDeploymentPostprocessing = 0;
		};
/* End PBXResourcesBuildPhase section */

/* Begin PBXSourcesBuildPhase section */
		392F6C19277B38460021F233 /* Sources */ = {
			isa = PBXSourcesBuildPhase;
			buildActionMask = 2147483647;
			files = (
				392F6C23277B38460021F233 /* ContentView.swift in Sources */,
				392F6C84277B523B0021F233 /* HomeViewModel.swift in Sources */,
				392F6C87277B54570021F233 /* CategoryView.swift in Sources */,
				392F6C91277B769A0021F233 /* CategoryGridView.swift in Sources */,
				392F6C7F277B499C0021F233 /* MainView.swift in Sources */,
				392F6C89277B558E0021F233 /* ProductItemView.swift in Sources */,
				392F6C5A277B388F0021F233 /* ColorManager.swift in Sources */,
				392F6C82277B4CF90021F233 /* HomeView.swift in Sources */,
				392F6C46277B388F0021F233 /* FontManager.swift in Sources */,
				392F6C59277B388F0021F233 /* CustomShap.swift in Sources */,
				392F6C21277B38460021F233 /* JusbarAppApp.swift in Sources */,
				392F6C78277B40D00021F233 /* SplashView.swift in Sources */,
				392F6C7C277B42910021F233 /* OnBoarding.swift in Sources */,
				392F6C7A277B425C0021F233 /* SpalshViewModel.swift in Sources */,
				392F6C8C277B55A80021F233 /* Product.swift in Sources */,
			);
			runOnlyForDeploymentPostprocessing = 0;
		};
/* End PBXSourcesBuildPhase section */

/* Begin XCBuildConfiguration section */
		392F6C29277B38470021F233 /* Debug */ = {
			isa = XCBuildConfiguration;
			buildSettings = {
				ALWAYS_SEARCH_USER_PATHS = NO;
				CLANG_ANALYZER_NONNULL = YES;
				CLANG_ANALYZER_NUMBER_OBJECT_CONVERSION = YES_AGGRESSIVE;
				CLANG_CXX_LANGUAGE_STANDARD = "gnu++17";
				CLANG_CXX_LIBRARY = "libc++";
				CLANG_ENABLE_MODULES = YES;
				CLANG_ENABLE_OBJC_ARC = YES;
				CLANG_ENABLE_OBJC_WEAK = YES;
				CLANG_WARN_BLOCK_CAPTURE_AUTORELEASING = YES;
				CLANG_WARN_BOOL_CONVERSION = YES;
				CLANG_WARN_COMMA = YES;
				CLANG_WARN_CONSTANT_CONVERSION = YES;
				CLANG_WARN_DEPRECATED_OBJC_IMPLEMENTATIONS = YES;
				CLANG_WARN_DIRECT_OBJC_ISA_USAGE = YES_ERROR;
				CLANG_WARN_DOCUMENTATION_COMMENTS = YES;
				CLANG_WARN_EMPTY_BODY = YES;
				CLANG_WARN_ENUM_CONVERSION = YES;
				CLANG_WARN_INFINITE_RECURSION = YES;
				CLANG_WARN_INT_CONVERSION = YES;
				CLANG_WARN_NON_LITERAL_NULL_CONVERSION = YES;
				CLANG_WARN_OBJC_IMPLICIT_RETAIN_SELF = YES;
				CLANG_WARN_OBJC_LITERAL_CONVERSION = YES;
				CLANG_WARN_OBJC_ROOT_CLASS = YES_ERROR;
				CLANG_WARN_QUOTED_INCLUDE_IN_FRAMEWORK_HEADER = YES;
				CLANG_WARN_RANGE_LOOP_ANALYSIS = YES;
				CLANG_WARN_STRICT_PROTOTYPES = YES;
				CLANG_WARN_SUSPICIOUS_MOVE = YES;
				CLANG_WARN_UNGUARDED_AVAILABILITY = YES_AGGRESSIVE;
				CLANG_WARN_UNREACHABLE_CODE = YES;
				CLANG_WARN__DUPLICATE_METHOD_MATCH = YES;
				COPY_PHASE_STRIP = NO;
				DEBUG_INFORMATION_FORMAT = dwarf;
				ENABLE_STRICT_OBJC_MSGSEND = YES;
				ENABLE_TESTABILITY = YES;
				GCC_C_LANGUAGE_STANDARD = gnu11;
				GCC_DYNAMIC_NO_PIC = NO;
				GCC_NO_COMMON_BLOCKS = YES;
				GCC_OPTIMIZATION_LEVEL = 0;
				GCC_PREPROCESSOR_DEFINITIONS = (
					"DEBUG=1",
					"$(inherited)",
				);
				GCC_WARN_64_TO_32_BIT_CONVERSION = YES;
				GCC_WARN_ABOUT_RETURN_TYPE = YES_ERROR;
				GCC_WARN_UNDECLARED_SELECTOR = YES;
				GCC_WARN_UNINITIALIZED_AUTOS = YES_AGGRESSIVE;
				GCC_WARN_UNUSED_FUNCTION = YES;
				GCC_WARN_UNUSED_VARIABLE = YES;
				IPHONEOS_DEPLOYMENT_TARGET = 15.2;
				MTL_ENABLE_DEBUG_INFO = INCLUDE_SOURCE;
				MTL_FAST_MATH = YES;
				ONLY_ACTIVE_ARCH = YES;
				SDKROOT = iphoneos;
				SWIFT_ACTIVE_COMPILATION_CONDITIONS = DEBUG;
				SWIFT_OPTIMIZATION_LEVEL = "-Onone";
			};
			name = Debug;
		};
		392F6C2A277B38470021F233 /* Release */ = {
			isa = XCBuildConfiguration;
			buildSettings = {
				ALWAYS_SEARCH_USER_PATHS = NO;
				CLANG_ANALYZER_NONNULL = YES;
				CLANG_ANALYZER_NUMBER_OBJECT_CONVERSION = YES_AGGRESSIVE;
				CLANG_CXX_LANGUAGE_STANDARD = "gnu++17";
				CLANG_CXX_LIBRARY = "libc++";
				CLANG_ENABLE_MODULES = YES;
				CLANG_ENABLE_OBJC_ARC = YES;
				CLANG_ENABLE_OBJC_WEAK = YES;
				CLANG_WARN_BLOCK_CAPTURE_AUTORELEASING = YES;
				CLANG_WARN_BOOL_CONVERSION = YES;
				CLANG_WARN_COMMA = YES;
				CLANG_WARN_CONSTANT_CONVERSION = YES;
				CLANG_WARN_DEPRECATED_OBJC_IMPLEMENTATIONS = YES;
				CLANG_WARN_DIRECT_OBJC_ISA_USAGE = YES_ERROR;
				CLANG_WARN_DOCUMENTATION_COMMENTS = YES;
				CLANG_WARN_EMPTY_BODY = YES;
				CLANG_WARN_ENUM_CONVERSION = YES;
				CLANG_WARN_INFINITE_RECURSION = YES;
				CLANG_WARN_INT_CONVERSION = YES;
				CLANG_WARN_NON_LITERAL_NULL_CONVERSION = YES;
				CLANG_WARN_OBJC_IMPLICIT_RETAIN_SELF = YES;
				CLANG_WARN_OBJC_LITERAL_CONVERSION = YES;
				CLANG_WARN_OBJC_ROOT_CLASS = YES_ERROR;
				CLANG_WARN_QUOTED_INCLUDE_IN_FRAMEWORK_HEADER = YES;
				CLANG_WARN_RANGE_LOOP_ANALYSIS = YES;
				CLANG_WARN_STRICT_PROTOTYPES = YES;
				CLANG_WARN_SUSPICIOUS_MOVE = YES;
				CLANG_WARN_UNGUARDED_AVAILABILITY = YES_AGGRESSIVE;
				CLANG_WARN_UNREACHABLE_CODE = YES;
				CLANG_WARN__DUPLICATE_METHOD_MATCH = YES;
				COPY_PHASE_STRIP = NO;
				DEBUG_INFORMATION_FORMAT = "dwarf-with-dsym";
				ENABLE_NS_ASSERTIONS = NO;
				ENABLE_STRICT_OBJC_MSGSEND = YES;
				GCC_C_LANGUAGE_STANDARD = gnu11;
				GCC_NO_COMMON_BLOCKS = YES;
				GCC_WARN_64_TO_32_BIT_CONVERSION = YES;
				GCC_WARN_ABOUT_RETURN_TYPE = YES_ERROR;
				GCC_WARN_UNDECLARED_SELECTOR = YES;
				GCC_WARN_UNINITIALIZED_AUTOS = YES_AGGRESSIVE;
				GCC_WARN_UNUSED_FUNCTION = YES;
				GCC_WARN_UNUSED_VARIABLE = YES;
				IPHONEOS_DEPLOYMENT_TARGET = 15.2;
				MTL_ENABLE_DEBUG_INFO = NO;
				MTL_FAST_MATH = YES;
				SDKROOT = iphoneos;
				SWIFT_COMPILATION_MODE = wholemodule;
				SWIFT_OPTIMIZATION_LEVEL = "-O";
				VALIDATE_PRODUCT = YES;
			};
			name = Release;
		};
		392F6C2C277B38470021F233 /* Debug */ = {
			isa = XCBuildConfiguration;
			buildSettings = {
				ASSETCATALOG_COMPILER_APPICON_NAME = AppIcon;
				ASSETCATALOG_COMPILER_GLOBAL_ACCENT_COLOR_NAME = AccentColor;
				CODE_SIGN_STYLE = Automatic;
				CURRENT_PROJECT_VERSION = 1;
				DEVELOPMENT_ASSET_PATHS = "\"JusbarApp/Preview Content\"";
				ENABLE_PREVIEWS = YES;
				GENERATE_INFOPLIST_FILE = YES;
				INFOPLIST_FILE = /Users/abdelrahman/Projects/JusbarApp/JusbarApp/Info.plist;
				INFOPLIST_KEY_UIApplicationSceneManifest_Generation = YES;
				INFOPLIST_KEY_UIApplicationSupportsIndirectInputEvents = YES;
				INFOPLIST_KEY_UILaunchScreen_Generation = YES;
				INFOPLIST_KEY_UISupportedInterfaceOrientations_iPad = "UIInterfaceOrientationPortrait UIInterfaceOrientationPortraitUpsideDown UIInterfaceOrientationLandscapeLeft UIInterfaceOrientationLandscapeRight";
				INFOPLIST_KEY_UISupportedInterfaceOrientations_iPhone = "UIInterfaceOrientationPortrait UIInterfaceOrientationLandscapeLeft UIInterfaceOrientationLandscapeRight";
				LD_RUNPATH_SEARCH_PATHS = (
					"$(inherited)",
					"@executable_path/Frameworks",
				);
				MARKETING_VERSION = 1.0;
				PRODUCT_BUNDLE_IDENTIFIER = example.JusbarApp;
				PRODUCT_NAME = "$(TARGET_NAME)";
				SWIFT_EMIT_LOC_STRINGS = YES;
				SWIFT_VERSION = 5.0;
				TARGETED_DEVICE_FAMILY = "1,2";
			};
			name = Debug;
		};
		392F6C2D277B38470021F233 /* Release */ = {
			isa = XCBuildConfiguration;
			buildSettings = {
				ASSETCATALOG_COMPILER_APPICON_NAME = AppIcon;
				ASSETCATALOG_COMPILER_GLOBAL_ACCENT_COLOR_NAME = AccentColor;
				CODE_SIGN_STYLE = Automatic;
				CURRENT_PROJECT_VERSION = 1;
				DEVELOPMENT_ASSET_PATHS = "\"JusbarApp/Preview Content\"";
				ENABLE_PREVIEWS = YES;
				GENERATE_INFOPLIST_FILE = YES;
				INFOPLIST_FILE = /Users/abdelrahman/Projects/JusbarApp/JusbarApp/Info.plist;
				INFOPLIST_KEY_UIApplicationSceneManifest_Generation = YES;
				INFOPLIST_KEY_UIApplicationSupportsIndirectInputEvents = YES;
				INFOPLIST_KEY_UILaunchScreen_Generation = YES;
				INFOPLIST_KEY_UISupportedInterfaceOrientations_iPad = "UIInterfaceOrientationPortrait UIInterfaceOrientationPortraitUpsideDown UIInterfaceOrientationLandscapeLeft UIInterfaceOrientationLandscapeRight";
				INFOPLIST_KEY_UISupportedInterfaceOrientations_iPhone = "UIInterfaceOrientationPortrait UIInterfaceOrientationLandscapeLeft UIInterfaceOrientationLandscapeRight";
				LD_RUNPATH_SEARCH_PATHS = (
					"$(inherited)",
					"@executable_path/Frameworks",
				);
				MARKETING_VERSION = 1.0;
				PRODUCT_BUNDLE_IDENTIFIER = example.JusbarApp;
				PRODUCT_NAME = "$(TARGET_NAME)";
				SWIFT_EMIT_LOC_STRINGS = YES;
				SWIFT_VERSION = 5.0;
				TARGETED_DEVICE_FAMILY = "1,2";
			};
			name = Release;
		};
/* End XCBuildConfiguration section */

/* Begin XCConfigurationList section */
		392F6C18277B38460021F233 /* Build configuration list for PBXProject "JusbarApp" */ = {
			isa = XCConfigurationList;
			buildConfigurations = (
				392F6C29277B38470021F233 /* Debug */,
				392F6C2A277B38470021F233 /* Release */,
			);
			defaultConfigurationIsVisible = 0;
			defaultConfigurationName = Release;
		};
		392F6C2B277B38470021F233 /* Build configuration list for PBXNativeTarget "JusbarApp" */ = {
			isa = XCConfigurationList;
			buildConfigurations = (
				392F6C2C277B38470021F233 /* Debug */,
				392F6C2D277B38470021F233 /* Release */,
			);
			defaultConfigurationIsVisible = 0;
			defaultConfigurationName = Release;
		};
/* End XCConfigurationList section */

/* Begin XCRemoteSwiftPackageReference section */
		392F6C8D277B76690021F233 /* XCRemoteSwiftPackageReference "ACarousel" */ = {
			isa = XCRemoteSwiftPackageReference;
			repositoryURL = "https://github.com/JWAutumn/ACarousel";
			requirement = {
				kind = upToNextMajorVersion;
				minimumVersion = 0.2.0;
			};
		};
/* End XCRemoteSwiftPackageReference section */

/* Begin XCSwiftPackageProductDependency section */
		392F6C8E277B76690021F233 /* ACarousel */ = {
			isa = XCSwiftPackageProductDependency;
			package = 392F6C8D277B76690021F233 /* XCRemoteSwiftPackageReference "ACarousel" */;
			productName = ACarousel;
		};
/* End XCSwiftPackageProductDependency section */
	};
	rootObject = 392F6C15277B38460021F233 /* Project object */;
}
